{
  "version": 4,
  "terraform_version": "1.7.1",
  "serial": 96,
  "lineage": "47234be3-2adc-bffd-aa4b-401ba397546d",
  "outputs": {
    "ip_address": {
      "value": "86.157.19.11",
      "type": "string"
    },
    "mongodb_atlas_cidr_block": {
      "value": "192.168.0.0/21",
      "type": "string"
    },
    "mongodb_atlas_project_id": {
      "value": "664a413bcbec115717d95261",
      "type": "string"
    },
    "organisation_id": {
      "value": "65e24d75b0bbab5dbe0ebe25",
      "type": "string"
    },
    "project_name": {
      "value": "terraformProject",
      "type": "string"
    },
    "region_name": {
      "value": "US_EAST_1",
      "type": "string"
    }
  },
  "resources": [
    {
      "mode": "managed",
      "type": "mongodbatlas_advanced_cluster",
      "name": "atlas-cluster",
      "provider": "provider[\"registry.terraform.io/mongodb/mongodbatlas\"]",
      "instances": [
        {
          "schema_version": 1,
          "attributes": {
            "accept_data_risks_and_force_replica_set_reconfig": "",
            "advanced_configuration": [
              {
                "default_read_concern": "",
                "default_write_concern": "",
                "fail_index_key_too_long": false,
                "javascript_enabled": true,
                "minimum_enabled_tls_protocol": "TLS1_2",
                "no_table_scan": false,
                "oplog_min_retention_hours": 0,
                "oplog_size_mb": 0,
                "sample_refresh_interval_bi_connector": 0,
                "sample_size_bi_connector": 0,
                "transaction_lifetime_limit_seconds": 0
              }
            ],
            "backup_enabled": true,
            "bi_connector_config": [
              {
                "enabled": false,
                "read_preference": "secondary"
              }
            ],
            "cluster_id": "664a41425d8e4178339131af",
            "cluster_type": "REPLICASET",
            "connection_strings": [
              {
                "private": "",
                "private_endpoint": [],
                "private_srv": "",
                "standard": "mongodb://myfirstprojectcluster-shard-00-00.vntmh.mongodb.net:27017,myfirstprojectcluster-shard-00-01.vntmh.mongodb.net:27017,myfirstprojectcluster-shard-00-02.vntmh.mongodb.net:27017,myfirstprojectcluster-shard-00-03.vntmh.mongodb.net:27017/?ssl=true\u0026authSource=admin\u0026replicaSet=atlas-5wn9qh-shard-0",
                "standard_srv": "mongodb+srv://myfirstprojectcluster.vntmh.mongodb.net"
              }
            ],
            "create_date": "2024-05-19T18:13:22Z",
            "disk_size_gb": 10,
            "encryption_at_rest_provider": "NONE",
            "id": "Y2x1c3Rlcl9pZA==:NjY0YTQxNDI1ZDhlNDE3ODMzOTEzMWFm-Y2x1c3Rlcl9uYW1l:bXlGaXJzdFByb2plY3RDbHVzdGVy-cHJvamVjdF9pZA==:NjY0YTQxM2JjYmVjMTE1NzE3ZDk1MjYx",
            "labels": [],
            "mongo_db_major_version": "6.0",
            "mongo_db_version": "6.0.15",
            "name": "myFirstProjectCluster",
            "paused": false,
            "pit_enabled": false,
            "project_id": "664a413bcbec115717d95261",
            "replication_specs": [
              {
                "container_id": {
                  "AWS:US_EAST_1": "664a41425d8e4178339131ae"
                },
                "id": "664a41425d8e4178339131a2",
                "num_shards": 1,
                "region_configs": [
                  {
                    "analytics_auto_scaling": [],
                    "analytics_specs": [
                      {
                        "disk_iops": 3000,
                        "ebs_volume_type": "",
                        "instance_size": "M10",
                        "node_count": 1
                      }
                    ],
                    "auto_scaling": [],
                    "backing_provider_name": "",
                    "electable_specs": [
                      {
                        "disk_iops": 3000,
                        "ebs_volume_type": "",
                        "instance_size": "M10",
                        "node_count": 3
                      }
                    ],
                    "priority": 7,
                    "provider_name": "AWS",
                    "read_only_specs": [],
                    "region_name": "US_EAST_1"
                  }
                ],
                "zone_name": "ZoneName managed by Terraform"
              }
            ],
            "retain_backups_enabled": null,
            "root_cert_type": "ISRGROOTX1",
            "state_name": "IDLE",
            "tags": [],
            "termination_protection_enabled": false,
            "timeouts": null,
            "version_release_system": "LTS"
          },
          "sensitive_attributes": [],
          "private": "eyJlMmJmYjczMC1lY2FhLTExZTYtOGY4OC0zNDM2M2JjN2M0YzAiOnsiY3JlYXRlIjoxMDgwMDAwMDAwMDAwMCwiZGVsZXRlIjoxMDgwMDAwMDAwMDAwMCwidXBkYXRlIjoxMDgwMDAwMDAwMDAwMH0sInNjaGVtYV92ZXJzaW9uIjoiMSJ9",
          "dependencies": [
            "mongodbatlas_project.atlas-project"
          ]
        }
      ]
    },
    {
      "mode": "managed",
      "type": "mongodbatlas_database_user",
      "name": "db-user",
      "provider": "provider[\"registry.terraform.io/mongodb/mongodbatlas\"]",
      "instances": [
        {
          "schema_version": 0,
          "attributes": {
            "auth_database_name": "admin",
            "aws_iam_type": "NONE",
            "id": "YXV0aF9kYXRhYmFzZV9uYW1l:YWRtaW4=-cHJvamVjdF9pZA==:NjY0YTQxM2JjYmVjMTE1NzE3ZDk1MjYx-dXNlcm5hbWU=:dXNlci0x",
            "labels": [],
            "ldap_auth_type": "NONE",
            "oidc_auth_type": "NONE",
            "password": "Uf%gTxxpaX4A3RyU",
            "project_id": "664a413bcbec115717d95261",
            "roles": [
              {
                "collection_name": null,
                "database_name": "terraformProject",
                "role_name": "readWrite"
              }
            ],
            "scopes": [],
            "username": "user-1",
            "x509_type": "NONE"
          },
          "sensitive_attributes": [
            [
              {
                "type": "get_attr",
                "value": "password"
              }
            ]
          ],
          "dependencies": [
            "mongodbatlas_project.atlas-project",
            "random_password.db-user-password"
          ]
        }
      ]
    },
    {
      "mode": "managed",
      "type": "mongodbatlas_project",
      "name": "atlas-project",
      "provider": "provider[\"registry.terraform.io/mongodb/mongodbatlas\"]",
      "instances": [
        {
          "schema_version": 0,
          "attributes": {
            "cluster_count": 0,
            "created": "2024-05-19T18:13:20Z",
            "id": "664a413bcbec115717d95261",
            "ip_addresses": {
              "services": {
                "clusters": []
              }
            },
            "is_collect_database_specifics_statistics_enabled": true,
            "is_data_explorer_enabled": true,
            "is_extended_storage_sizes_enabled": false,
            "is_performance_advisor_enabled": true,
            "is_realtime_performance_panel_enabled": true,
            "is_schema_advisor_enabled": true,
            "limits": [],
            "name": "terraformProject",
            "org_id": "65e24d75b0bbab5dbe0ebe25",
            "project_owner_id": null,
            "region_usage_restrictions": null,
            "teams": [],
            "with_default_alerts_settings": true
          },
          "sensitive_attributes": []
        }
      ]
    },
    {
      "mode": "managed",
      "type": "mongodbatlas_project_ip_access_list",
      "name": "ip",
      "provider": "provider[\"registry.terraform.io/mongodb/mongodbatlas\"]",
      "instances": [
        {
          "schema_version": 0,
          "attributes": {
            "aws_security_group": "",
            "cidr_block": "86.139.204.225/32",
            "comment": "",
            "id": "ZW50cnk=:ODYuMTM5LjIwNC4yMjUvMzI=-cHJvamVjdF9pZA==:NjY0YTQxM2JjYmVjMTE1NzE3ZDk1MjYx",
            "ip_address": "86.139.204.225",
            "project_id": "664a413bcbec115717d95261",
            "timeouts": null
          },
          "sensitive_attributes": [],
          "dependencies": [
            "mongodbatlas_project.atlas-project"
          ]
        }
      ]
    },
    {
      "mode": "managed",
      "type": "random_password",
      "name": "db-user-password",
      "provider": "provider[\"registry.terraform.io/hashicorp/random\"]",
      "instances": [
        {
          "schema_version": 3,
          "attributes": {
            "bcrypt_hash": "$2a$10$jfcap74DvCc2wucl6QRlF.JCbDTbMW7A8.kXAjowFB5JNZVVeQv/2",
            "id": "none",
            "keepers": null,
            "length": 16,
            "lower": true,
            "min_lower": 0,
            "min_numeric": 0,
            "min_special": 0,
            "min_upper": 0,
            "number": true,
            "numeric": true,
            "override_special": "_%@",
            "result": "Uf%gTxxpaX4A3RyU",
            "special": true,
            "upper": true
          },
          "sensitive_attributes": []
        }
      ]
    }
  ],
  "check_results": null
}
